
Microsoft Visual Studio Solution File, Format Version 12.00
# Visual Studio Version 17
VisualStudioVersion = 17.0.31903.59
MinimumVisualStudioVersion = 10.0.40219.1
Project("{FAE04EC0-301F-11D3-BF4B-00C04F79EFBC}") = "Averages", "Averages\Averages.csproj", "{7DBB329E-29E7-4FDA-B0D2-4E5DD756A85F}"
EndProject
Project("{FAE04EC0-301F-11D3-BF4B-00C04F79EFBC}") = "Averages.Tests", "Averages.Tests\Averages.Tests.csproj", "{3443A454-3142-400B-9084-901950E8F1D6}"
EndProject
Global
	GlobalSection(SolutionConfigurationPlatforms) = preSolution
		Debug|Any CPU = Debug|Any CPU
		Release|Any CPU = Release|Any CPU
	EndGlobalSection
	GlobalSection(SolutionProperties) = preSolution
		HideSolutionNode = FALSE
	EndGlobalSection
	GlobalSection(ProjectConfigurationPlatforms) = postSolution
		{7DBB329E-29E7-4FDA-B0D2-4E5DD756A85F}.Debug|Any CPU.ActiveCfg = Debug|Any CPU
		{7DBB329E-29E7-4FDA-B0D2-4E5DD756A85F}.Debug|Any CPU.Build.0 = Debug|Any CPU
		{7DBB329E-29E7-4FDA-B0D2-4E5DD756A85F}.Release|Any CPU.ActiveCfg = Release|Any CPU
		{7DBB329E-29E7-4FDA-B0D2-4E5DD756A85F}.Release|Any CPU.Build.0 = Release|Any CPU
		{3443A454-3142-400B-9084-901950E8F1D6}.Debug|Any CPU.ActiveCfg = Debug|Any CPU
		{3443A454-3142-400B-9084-901950E8F1D6}.Debug|Any CPU.Build.0 = Debug|Any CPU
		{3443A454-3142-400B-9084-901950E8F1D6}.Release|Any CPU.ActiveCfg = Release|Any CPU
		{3443A454-3142-400B-9084-901950E8F1D6}.Release|Any CPU.Build.0 = Release|Any CPU
	EndGlobalSection
EndGlobal
